
Microsoft Visual Studio Solution File, Format Version 12.00
# Visual Studio Version 17
VisualStudioVersion = 17.5.002.0
MinimumVisualStudioVersion = 10.0.40219.1
Project("{2150E333-8FDC-42A3-9474-1A3956D46DE8}") = "sandbox", "sandbox", "{65CF7F76-EF5C-4646-AA2E-E77A1E5F3369}"
EndProject
Project("{9A19103F-16F7-4668-BE54-9A1E7A4F7556}") = "sandbox_project", "sandbox\sandbox_project\sandbox_project.csproj", "{604BBE77-1817-4519-88F3-13901F73F2D6}"
EndProject
Project("{2150E333-8FDC-42A3-9474-1A3956D46DE8}") = "week01", "week01", "{20C8E0DD-B19C-4404-AF9C-736C6C7CFE2F}"
EndProject
Project("{9A19103F-16F7-4668-BE54-9A1E7A4F7556}") = "analyze", "week01\analyze\analyze.csproj", "{F65B014B-596F-4E49-A72E-35BBCCD0751D}"
EndProject
Project("{9A19103F-16F7-4668-BE54-9A1E7A4F7556}") = "code", "week01\code\code.csproj", "{ED4F78C4-BD7E-4489-A7F5-003F2F1CE2A9}"
EndProject
Project("{9A19103F-16F7-4668-BE54-9A1E7A4F7556}") = "teach", "week01\teach\teach.csproj", "{AE3FA8A9-9B9E-49DE-9702-D6209380A2DF}"
EndProject
Project("{2150E333-8FDC-42A3-9474-1A3956D46DE8}") = "week02", "week02", "{F85F0F74-E586-4854-9937-A36B7BF6C97F}"
EndProject
Project("{9A19103F-16F7-4668-BE54-9A1E7A4F7556}") = "analyze", "week02\analyze\analyze.csproj", "{67652D87-3D18-4B0A-9B97-0A84FD44D469}"
EndProject
Project("{9A19103F-16F7-4668-BE54-9A1E7A4F7556}") = "code", "week02\code\code.csproj", "{2C434D33-8296-42EB-8A33-411E0C85FF19}"
EndProject
Project("{9A19103F-16F7-4668-BE54-9A1E7A4F7556}") = "learn", "week02\learn\learn.csproj", "{5C58FC06-A7FB-4998-BAED-4303A7F3C2FB}"
EndProject
Project("{9A19103F-16F7-4668-BE54-9A1E7A4F7556}") = "teach", "week02\teach\teach.csproj", "{687344EA-FD75-4310-A646-46AE901CEBD1}"
EndProject
Project("{2150E333-8FDC-42A3-9474-1A3956D46DE8}") = "week03", "week03", "{7E87B355-6474-415C-8129-3A38C9BC0BE0}"
EndProject
Project("{9A19103F-16F7-4668-BE54-9A1E7A4F7556}") = "code", "week03\code\code.csproj", "{F69D2039-D8DA-4119-B6CE-C6FFF7A64486}"
EndProject
Project("{9A19103F-16F7-4668-BE54-9A1E7A4F7556}") = "learn", "week03\learn\learn.csproj", "{AEAFFB00-46DC-4804-873C-1ABECF7C30B0}"
EndProject
Project("{9A19103F-16F7-4668-BE54-9A1E7A4F7556}") = "teach", "week03\teach\teach.csproj", "{5032C042-5ED7-4008-8A3B-669F9F9CDCF5}"
EndProject
Project("{2150E333-8FDC-42A3-9474-1A3956D46DE8}") = "week04", "week04", "{C182BD0E-3256-4B13-931F-918756E5A84D}"
EndProject
Project("{9A19103F-16F7-4668-BE54-9A1E7A4F7556}") = "code", "week04\code\code.csproj", "{9BA4C743-290C-40FE-8C31-3C64213B0309}"
EndProject
Project("{2150E333-8FDC-42A3-9474-1A3956D46DE8}") = "week05", "week05", "{4F60972D-C6F0-4D61-B556-675394044695}"
EndProject
Project("{9A19103F-16F7-4668-BE54-9A1E7A4F7556}") = "code", "week05\code\code.csproj", "{70F9CE0A-03C2-49A4-B68D-8EB61AC78862}"
EndProject
Project("{2150E333-8FDC-42A3-9474-1A3956D46DE8}") = "week06", "week06", "{4DD901D1-A548-461B-8AC2-533496C53D7D}"
EndProject
Project("{9A19103F-16F7-4668-BE54-9A1E7A4F7556}") = "code", "week06\code\code.csproj", "{D8C080DA-FAD6-421A-AEE8-C2766E377073}"
EndProject
Global
	GlobalSection(SolutionConfigurationPlatforms) = preSolution
		Debug|Any CPU = Debug|Any CPU
		Release|Any CPU = Release|Any CPU
	EndGlobalSection
	GlobalSection(ProjectConfigurationPlatforms) = postSolution
		{604BBE77-1817-4519-88F3-13901F73F2D6}.Debug|Any CPU.ActiveCfg = Debug|Any CPU
		{604BBE77-1817-4519-88F3-13901F73F2D6}.Debug|Any CPU.Build.0 = Debug|Any CPU
		{604BBE77-1817-4519-88F3-13901F73F2D6}.Release|Any CPU.ActiveCfg = Release|Any CPU
		{604BBE77-1817-4519-88F3-13901F73F2D6}.Release|Any CPU.Build.0 = Release|Any CPU
		{F65B014B-596F-4E49-A72E-35BBCCD0751D}.Debug|Any CPU.ActiveCfg = Debug|Any CPU
		{F65B014B-596F-4E49-A72E-35BBCCD0751D}.Debug|Any CPU.Build.0 = Debug|Any CPU
		{F65B014B-596F-4E49-A72E-35BBCCD0751D}.Release|Any CPU.ActiveCfg = Release|Any CPU
		{F65B014B-596F-4E49-A72E-35BBCCD0751D}.Release|Any CPU.Build.0 = Release|Any CPU
		{ED4F78C4-BD7E-4489-A7F5-003F2F1CE2A9}.Debug|Any CPU.ActiveCfg = Debug|Any CPU
		{ED4F78C4-BD7E-4489-A7F5-003F2F1CE2A9}.Debug|Any CPU.Build.0 = Debug|Any CPU
		{ED4F78C4-BD7E-4489-A7F5-003F2F1CE2A9}.Release|Any CPU.ActiveCfg = Release|Any CPU
		{ED4F78C4-BD7E-4489-A7F5-003F2F1CE2A9}.Release|Any CPU.Build.0 = Release|Any CPU
		{AE3FA8A9-9B9E-49DE-9702-D6209380A2DF}.Debug|Any CPU.ActiveCfg = Debug|Any CPU
		{AE3FA8A9-9B9E-49DE-9702-D6209380A2DF}.Debug|Any CPU.Build.0 = Debug|Any CPU
		{AE3FA8A9-9B9E-49DE-9702-D6209380A2DF}.Release|Any CPU.ActiveCfg = Release|Any CPU
		{AE3FA8A9-9B9E-49DE-9702-D6209380A2DF}.Release|Any CPU.Build.0 = Release|Any CPU
		{67652D87-3D18-4B0A-9B97-0A84FD44D469}.Debug|Any CPU.ActiveCfg = Debug|Any CPU
		{67652D87-3D18-4B0A-9B97-0A84FD44D469}.Debug|Any CPU.Build.0 = Debug|Any CPU
		{67652D87-3D18-4B0A-9B97-0A84FD44D469}.Release|Any CPU.ActiveCfg = Release|Any CPU
		{67652D87-3D18-4B0A-9B97-0A84FD44D469}.Release|Any CPU.Build.0 = Release|Any CPU
		{2C434D33-8296-42EB-8A33-411E0C85FF19}.Debug|Any CPU.ActiveCfg = Debug|Any CPU
		{2C434D33-8296-42EB-8A33-411E0C85FF19}.Debug|Any CPU.Build.0 = Debug|Any CPU
		{2C434D33-8296-42EB-8A33-411E0C85FF19}.Release|Any CPU.ActiveCfg = Release|Any CPU
		{2C434D33-8296-42EB-8A33-411E0C85FF19}.Release|Any CPU.Build.0 = Release|Any CPU
		{5C58FC06-A7FB-4998-BAED-4303A7F3C2FB}.Debug|Any CPU.ActiveCfg = Debug|Any CPU
		{5C58FC06-A7FB-4998-BAED-4303A7F3C2FB}.Debug|Any CPU.Build.0 = Debug|Any CPU
		{5C58FC06-A7FB-4998-BAED-4303A7F3C2FB}.Release|Any CPU.ActiveCfg = Release|Any CPU
		{5C58FC06-A7FB-4998-BAED-4303A7F3C2FB}.Release|Any CPU.Build.0 = Release|Any CPU
		{687344EA-FD75-4310-A646-46AE901CEBD1}.Debug|Any CPU.ActiveCfg = Debug|Any CPU
		{687344EA-FD75-4310-A646-46AE901CEBD1}.Debug|Any CPU.Build.0 = Debug|Any CPU
		{687344EA-FD75-4310-A646-46AE901CEBD1}.Release|Any CPU.ActiveCfg = Release|Any CPU
		{687344EA-FD75-4310-A646-46AE901CEBD1}.Release|Any CPU.Build.0 = Release|Any CPU
		{F69D2039-D8DA-4119-B6CE-C6FFF7A64486}.Debug|Any CPU.ActiveCfg = Debug|Any CPU
		{F69D2039-D8DA-4119-B6CE-C6FFF7A64486}.Debug|Any CPU.Build.0 = Debug|Any CPU
		{F69D2039-D8DA-4119-B6CE-C6FFF7A64486}.Release|Any CPU.ActiveCfg = Release|Any CPU
		{F69D2039-D8DA-4119-B6CE-C6FFF7A64486}.Release|Any CPU.Build.0 = Release|Any CPU
		{AEAFFB00-46DC-4804-873C-1ABECF7C30B0}.Debug|Any CPU.ActiveCfg = Debug|Any CPU
		{AEAFFB00-46DC-4804-873C-1ABECF7C30B0}.Debug|Any CPU.Build.0 = Debug|Any CPU
		{AEAFFB00-46DC-4804-873C-1ABECF7C30B0}.Release|Any CPU.ActiveCfg = Release|Any CPU
		{AEAFFB00-46DC-4804-873C-1ABECF7C30B0}.Release|Any CPU.Build.0 = Release|Any CPU
		{5032C042-5ED7-4008-8A3B-669F9F9CDCF5}.Debug|Any CPU.ActiveCfg = Debug|Any CPU
		{5032C042-5ED7-4008-8A3B-669F9F9CDCF5}.Debug|Any CPU.Build.0 = Debug|Any CPU
		{5032C042-5ED7-4008-8A3B-669F9F9CDCF5}.Release|Any CPU.ActiveCfg = Release|Any CPU
		{5032C042-5ED7-4008-8A3B-669F9F9CDCF5}.Release|Any CPU.Build.0 = Release|Any CPU
		{9BA4C743-290C-40FE-8C31-3C64213B0309}.Debug|Any CPU.ActiveCfg = Debug|Any CPU
		{9BA4C743-290C-40FE-8C31-3C64213B0309}.Debug|Any CPU.Build.0 = Debug|Any CPU
		{9BA4C743-290C-40FE-8C31-3C64213B0309}.Release|Any CPU.ActiveCfg = Release|Any CPU
		{9BA4C743-290C-40FE-8C31-3C64213B0309}.Release|Any CPU.Build.0 = Release|Any CPU
		{70F9CE0A-03C2-49A4-B68D-8EB61AC78862}.Debug|Any CPU.ActiveCfg = Debug|Any CPU
		{70F9CE0A-03C2-49A4-B68D-8EB61AC78862}.Debug|Any CPU.Build.0 = Debug|Any CPU
		{70F9CE0A-03C2-49A4-B68D-8EB61AC78862}.Release|Any CPU.ActiveCfg = Release|Any CPU
		{70F9CE0A-03C2-49A4-B68D-8EB61AC78862}.Release|Any CPU.Build.0 = Release|Any CPU
		{D8C080DA-FAD6-421A-AEE8-C2766E377073}.Debug|Any CPU.ActiveCfg = Debug|Any CPU
		{D8C080DA-FAD6-421A-AEE8-C2766E377073}.Debug|Any CPU.Build.0 = Debug|Any CPU
		{D8C080DA-FAD6-421A-AEE8-C2766E377073}.Release|Any CPU.ActiveCfg = Release|Any CPU
		{D8C080DA-FAD6-421A-AEE8-C2766E377073}.Release|Any CPU.Build.0 = Release|Any CPU
	EndGlobalSection
	GlobalSection(SolutionProperties) = preSolution
		HideSolutionNode = FALSE
	EndGlobalSection
	GlobalSection(NestedProjects) = preSolution
		{604BBE77-1817-4519-88F3-13901F73F2D6} = {65CF7F76-EF5C-4646-AA2E-E77A1E5F3369}
		{F65B014B-596F-4E49-A72E-35BBCCD0751D} = {20C8E0DD-B19C-4404-AF9C-736C6C7CFE2F}
		{ED4F78C4-BD7E-4489-A7F5-003F2F1CE2A9} = {20C8E0DD-B19C-4404-AF9C-736C6C7CFE2F}
		{AE3FA8A9-9B9E-49DE-9702-D6209380A2DF} = {20C8E0DD-B19C-4404-AF9C-736C6C7CFE2F}
		{67652D87-3D18-4B0A-9B97-0A84FD44D469} = {F85F0F74-E586-4854-9937-A36B7BF6C97F}
		{2C434D33-8296-42EB-8A33-411E0C85FF19} = {F85F0F74-E586-4854-9937-A36B7BF6C97F}
		{5C58FC06-A7FB-4998-BAED-4303A7F3C2FB} = {F85F0F74-E586-4854-9937-A36B7BF6C97F}
		{687344EA-FD75-4310-A646-46AE901CEBD1} = {F85F0F74-E586-4854-9937-A36B7BF6C97F}
		{F69D2039-D8DA-4119-B6CE-C6FFF7A64486} = {7E87B355-6474-415C-8129-3A38C9BC0BE0}
		{AEAFFB00-46DC-4804-873C-1ABECF7C30B0} = {7E87B355-6474-415C-8129-3A38C9BC0BE0}
		{5032C042-5ED7-4008-8A3B-669F9F9CDCF5} = {7E87B355-6474-415C-8129-3A38C9BC0BE0}
		{9BA4C743-290C-40FE-8C31-3C64213B0309} = {C182BD0E-3256-4B13-931F-918756E5A84D}
		{70F9CE0A-03C2-49A4-B68D-8EB61AC78862} = {4F60972D-C6F0-4D61-B556-675394044695}
		{D8C080DA-FAD6-421A-AEE8-C2766E377073} = {4DD901D1-A548-461B-8AC2-533496C53D7D}
	EndGlobalSection
	GlobalSection(ExtensibilityGlobals) = postSolution
		SolutionGuid = {F14222E0-62F6-4194-BAD4-CA11812DA355}
	EndGlobalSection
EndGlobal
